
Microsoft Visual Studio Solution File, Format Version 12.00
# Visual Studio Version 16
VisualStudioVersion = 16.0.29411.108
MinimumVisualStudioVersion = 10.0.40219.1
Project("{FAE04EC0-301F-11D3-BF4B-00C04F79EFBC}") = "QUIZ", "QUIZ.csproj", "{3FDF12EE-264D-4E26-B679-03BFD9A49744}"
EndProject
Global
	GlobalSection(SolutionConfigurationPlatforms) = preSolution
		Debug|Any CPU = Debug|Any CPU
		Release|Any CPU = Release|Any CPU
	EndGlobalSection
	GlobalSection(ProjectConfigurationPlatforms) = postSolution
		{3FDF12EE-264D-4E26-B679-03BFD9A49744}.Debug|Any CPU.ActiveCfg = Debug|Any CPU
		{3FDF12EE-264D-4E26-B679-03BFD9A49744}.Debug|Any CPU.Build.0 = Debug|Any CPU
		{3FDF12EE-264D-4E26-B679-03BFD9A49744}.Release|Any CPU.ActiveCfg = Release|Any CPU
		{3FDF12EE-264D-4E26-B679-03BFD9A49744}.Release|Any CPU.Build.0 = Release|Any CPU
	EndGlobalSection
	GlobalSection(SolutionProperties) = preSolution
		HideSolutionNode = FALSE
	EndGlobalSection
	GlobalSection(ExtensibilityGlobals) = postSolution
		SolutionGuid = {F6DC80C7-07DF-4738-971C-E06F46FA138C}
	EndGlobalSection
EndGlobal
